
Microsoft Visual Studio Solution File, Format Version 12.00
# Visual Studio Version 16
VisualStudioVersion = 16.0.29905.134
MinimumVisualStudioVersion = 10.0.40219.1
Project("{FAE04EC0-301F-11D3-BF4B-00C04F79EFBC}") = "TaskParallelLib", "TaskParallelLib\TaskParallelLib.csproj", "{CDC8E8BB-4A0A-433A-B4DA-2AD9BFBE2C8C}"
EndProject
Global
	GlobalSection(SolutionConfigurationPlatforms) = preSolution
		Debug|Any CPU = Debug|Any CPU
		Release|Any CPU = Release|Any CPU
	EndGlobalSection
	GlobalSection(ProjectConfigurationPlatforms) = postSolution
		{CDC8E8BB-4A0A-433A-B4DA-2AD9BFBE2C8C}.Debug|Any CPU.ActiveCfg = Debug|Any CPU
		{CDC8E8BB-4A0A-433A-B4DA-2AD9BFBE2C8C}.Debug|Any CPU.Build.0 = Debug|Any CPU
		{CDC8E8BB-4A0A-433A-B4DA-2AD9BFBE2C8C}.Release|Any CPU.ActiveCfg = Release|Any CPU
		{CDC8E8BB-4A0A-433A-B4DA-2AD9BFBE2C8C}.Release|Any CPU.Build.0 = Release|Any CPU
	EndGlobalSection
	GlobalSection(SolutionProperties) = preSolution
		HideSolutionNode = FALSE
	EndGlobalSection
	GlobalSection(ExtensibilityGlobals) = postSolution
		SolutionGuid = {E8213DAE-3356-430A-B88F-20663567A448}
	EndGlobalSection
EndGlobal
