
Microsoft Visual Studio Solution File, Format Version 12.00
# Visual Studio Version 16
VisualStudioVersion = 16.0.30413.136
MinimumVisualStudioVersion = 10.0.40219.1
Project("{FAE04EC0-301F-11D3-BF4B-00C04F79EFBC}") = "Versioning", "Versioning\Versioning.csproj", "{CA80044D-31F4-46A5-AF85-5D720B278B0B}"
EndProject
Global
	GlobalSection(SolutionConfigurationPlatforms) = preSolution
		Debug|Any CPU = Debug|Any CPU
		Release|Any CPU = Release|Any CPU
	EndGlobalSection
	GlobalSection(ProjectConfigurationPlatforms) = postSolution
		{CA80044D-31F4-46A5-AF85-5D720B278B0B}.Debug|Any CPU.ActiveCfg = Debug|Any CPU
		{CA80044D-31F4-46A5-AF85-5D720B278B0B}.Debug|Any CPU.Build.0 = Debug|Any CPU
		{CA80044D-31F4-46A5-AF85-5D720B278B0B}.Release|Any CPU.ActiveCfg = Release|Any CPU
		{CA80044D-31F4-46A5-AF85-5D720B278B0B}.Release|Any CPU.Build.0 = Release|Any CPU
	EndGlobalSection
	GlobalSection(SolutionProperties) = preSolution
		HideSolutionNode = FALSE
	EndGlobalSection
	GlobalSection(ExtensibilityGlobals) = postSolution
		SolutionGuid = {DF52256F-58B9-464D-A4F0-F6D9DC7CB9A9}
	EndGlobalSection
EndGlobal
