
Microsoft Visual Studio Solution File, Format Version 12.00
# Visual Studio 15
VisualStudioVersion = 15.0.28307.1062
MinimumVisualStudioVersion = 10.0.40219.1
Project("{FAE04EC0-301F-11D3-BF4B-00C04F79EFBC}") = "mvc5_ef6", "mvc5_ef6\mvc5_ef6.csproj", "{0D5C3EDE-56E0-45A8-B012-CDD56893A090}"
EndProject
Global
	GlobalSection(SolutionConfigurationPlatforms) = preSolution
		Debug|Any CPU = Debug|Any CPU
		Release|Any CPU = Release|Any CPU
	EndGlobalSection
	GlobalSection(ProjectConfigurationPlatforms) = postSolution
		{0D5C3EDE-56E0-45A8-B012-CDD56893A090}.Debug|Any CPU.ActiveCfg = Debug|Any CPU
		{0D5C3EDE-56E0-45A8-B012-CDD56893A090}.Debug|Any CPU.Build.0 = Debug|Any CPU
		{0D5C3EDE-56E0-45A8-B012-CDD56893A090}.Release|Any CPU.ActiveCfg = Release|Any CPU
		{0D5C3EDE-56E0-45A8-B012-CDD56893A090}.Release|Any CPU.Build.0 = Release|Any CPU
	EndGlobalSection
	GlobalSection(SolutionProperties) = preSolution
		HideSolutionNode = FALSE
	EndGlobalSection
	GlobalSection(ExtensibilityGlobals) = postSolution
		SolutionGuid = {4506B15A-6C83-497D-9B03-8A724745FE6D}
	EndGlobalSection
EndGlobal
