
Microsoft Visual Studio Solution File, Format Version 12.00
# Visual Studio Version 16
VisualStudioVersion = 16.0.29609.76
MinimumVisualStudioVersion = 10.0.40219.1
Project("{9A19103F-16F7-4668-BE54-9A1E7A4F7556}") = "CollectionsQueue", "CollectionsQueue\CollectionsQueue.csproj", "{C839324C-C008-41E6-9990-C6E914C4630E}"
EndProject
Project("{9A19103F-16F7-4668-BE54-9A1E7A4F7556}") = "LINQFilteringOrdering", "LINQFilteringOrdering\LINQFilteringOrdering.csproj", "{F6E62D93-EBA9-4F9C-82F3-7352F3D78603}"
EndProject
Project("{9A19103F-16F7-4668-BE54-9A1E7A4F7556}") = "ADODotNetRead", "ADODotNetRead\ADODotNetRead.csproj", "{270FAE93-8C07-4748-ABCA-3A4FB8CEEE9E}"
EndProject
Global
	GlobalSection(SolutionConfigurationPlatforms) = preSolution
		Debug|Any CPU = Debug|Any CPU
		Release|Any CPU = Release|Any CPU
	EndGlobalSection
	GlobalSection(ProjectConfigurationPlatforms) = postSolution
		{C839324C-C008-41E6-9990-C6E914C4630E}.Debug|Any CPU.ActiveCfg = Debug|Any CPU
		{C839324C-C008-41E6-9990-C6E914C4630E}.Debug|Any CPU.Build.0 = Debug|Any CPU
		{C839324C-C008-41E6-9990-C6E914C4630E}.Release|Any CPU.ActiveCfg = Release|Any CPU
		{C839324C-C008-41E6-9990-C6E914C4630E}.Release|Any CPU.Build.0 = Release|Any CPU
		{F6E62D93-EBA9-4F9C-82F3-7352F3D78603}.Debug|Any CPU.ActiveCfg = Debug|Any CPU
		{F6E62D93-EBA9-4F9C-82F3-7352F3D78603}.Debug|Any CPU.Build.0 = Debug|Any CPU
		{F6E62D93-EBA9-4F9C-82F3-7352F3D78603}.Release|Any CPU.ActiveCfg = Release|Any CPU
		{F6E62D93-EBA9-4F9C-82F3-7352F3D78603}.Release|Any CPU.Build.0 = Release|Any CPU
		{270FAE93-8C07-4748-ABCA-3A4FB8CEEE9E}.Debug|Any CPU.ActiveCfg = Debug|Any CPU
		{270FAE93-8C07-4748-ABCA-3A4FB8CEEE9E}.Debug|Any CPU.Build.0 = Debug|Any CPU
		{270FAE93-8C07-4748-ABCA-3A4FB8CEEE9E}.Release|Any CPU.ActiveCfg = Release|Any CPU
		{270FAE93-8C07-4748-ABCA-3A4FB8CEEE9E}.Release|Any CPU.Build.0 = Release|Any CPU
	EndGlobalSection
	GlobalSection(SolutionProperties) = preSolution
		HideSolutionNode = FALSE
	EndGlobalSection
	GlobalSection(ExtensibilityGlobals) = postSolution
		SolutionGuid = {9A72F4FD-65A9-43B9-96F5-B4473CF05DAF}
	EndGlobalSection
EndGlobal
