
Microsoft Visual Studio Solution File, Format Version 12.00
# Visual Studio Version 16
VisualStudioVersion = 16.0.30523.141
MinimumVisualStudioVersion = 10.0.40219.1
Project("{FAE04EC0-301F-11D3-BF4B-00C04F79EFBC}") = "HttpClientIntroConsoleApp", "HttpClientIntroConsoleApp\HttpClientIntroConsoleApp.csproj", "{04503D5A-5F63-4697-A208-708D8DB29EF6}"
EndProject
Global
	GlobalSection(SolutionConfigurationPlatforms) = preSolution
		Debug|Any CPU = Debug|Any CPU
		Release|Any CPU = Release|Any CPU
	EndGlobalSection
	GlobalSection(ProjectConfigurationPlatforms) = postSolution
		{04503D5A-5F63-4697-A208-708D8DB29EF6}.Debug|Any CPU.ActiveCfg = Debug|Any CPU
		{04503D5A-5F63-4697-A208-708D8DB29EF6}.Debug|Any CPU.Build.0 = Debug|Any CPU
		{04503D5A-5F63-4697-A208-708D8DB29EF6}.Release|Any CPU.ActiveCfg = Release|Any CPU
		{04503D5A-5F63-4697-A208-708D8DB29EF6}.Release|Any CPU.Build.0 = Release|Any CPU
	EndGlobalSection
	GlobalSection(SolutionProperties) = preSolution
		HideSolutionNode = FALSE
	EndGlobalSection
	GlobalSection(ExtensibilityGlobals) = postSolution
		SolutionGuid = {C4B39536-FB0A-4C5E-B1D2-DDAFCD8AF468}
	EndGlobalSection
EndGlobal
