
Microsoft Visual Studio Solution File, Format Version 12.00
# Visual Studio 15
VisualStudioVersion = 15.0.28307.1062
MinimumVisualStudioVersion = 10.0.40219.1
Project("{FAE04EC0-301F-11D3-BF4B-00C04F79EFBC}") = "DbFirstBlog_WebApp6", "DbFirstBlog_WebApp6\DbFirstBlog_WebApp6.csproj", "{12E70885-5A97-4B0A-98A9-7213C917827A}"
EndProject
Global
	GlobalSection(SolutionConfigurationPlatforms) = preSolution
		Debug|Any CPU = Debug|Any CPU
		Release|Any CPU = Release|Any CPU
	EndGlobalSection
	GlobalSection(ProjectConfigurationPlatforms) = postSolution
		{12E70885-5A97-4B0A-98A9-7213C917827A}.Debug|Any CPU.ActiveCfg = Debug|Any CPU
		{12E70885-5A97-4B0A-98A9-7213C917827A}.Debug|Any CPU.Build.0 = Debug|Any CPU
		{12E70885-5A97-4B0A-98A9-7213C917827A}.Release|Any CPU.ActiveCfg = Release|Any CPU
		{12E70885-5A97-4B0A-98A9-7213C917827A}.Release|Any CPU.Build.0 = Release|Any CPU
	EndGlobalSection
	GlobalSection(SolutionProperties) = preSolution
		HideSolutionNode = FALSE
	EndGlobalSection
	GlobalSection(ExtensibilityGlobals) = postSolution
		SolutionGuid = {748D95B6-D02E-4DC7-B6A1-362DE0733532}
	EndGlobalSection
EndGlobal
