
Microsoft Visual Studio Solution File, Format Version 12.00
# Visual Studio Version 16
VisualStudioVersion = 16.0.30523.141
MinimumVisualStudioVersion = 10.0.40219.1
Project("{FAE04EC0-301F-11D3-BF4B-00C04F79EFBC}") = "MdeAdalMSTest", "MdeAdalMSTest\MdeAdalMSTest.csproj", "{5CDBE81A-5C57-4F39-96E0-325D833DAD5D}"
EndProject
Global
	GlobalSection(SolutionConfigurationPlatforms) = preSolution
		Debug|Any CPU = Debug|Any CPU
		Release|Any CPU = Release|Any CPU
	EndGlobalSection
	GlobalSection(ProjectConfigurationPlatforms) = postSolution
		{5CDBE81A-5C57-4F39-96E0-325D833DAD5D}.Debug|Any CPU.ActiveCfg = Debug|Any CPU
		{5CDBE81A-5C57-4F39-96E0-325D833DAD5D}.Debug|Any CPU.Build.0 = Debug|Any CPU
		{5CDBE81A-5C57-4F39-96E0-325D833DAD5D}.Release|Any CPU.ActiveCfg = Release|Any CPU
		{5CDBE81A-5C57-4F39-96E0-325D833DAD5D}.Release|Any CPU.Build.0 = Release|Any CPU
	EndGlobalSection
	GlobalSection(SolutionProperties) = preSolution
		HideSolutionNode = FALSE
	EndGlobalSection
	GlobalSection(ExtensibilityGlobals) = postSolution
		SolutionGuid = {1B285907-621D-4A8C-91E1-25901609818B}
	EndGlobalSection
EndGlobal
