
Microsoft Visual Studio Solution File, Format Version 12.00
# Visual Studio Version 16
VisualStudioVersion = 16.0.30503.244
MinimumVisualStudioVersion = 10.0.40219.1
Project("{FAE04EC0-301F-11D3-BF4B-00C04F79EFBC}") = "ASP.NETCoreIdentityDemo", "ASP.NETCoreIdentityDemo\ASP.NETCoreIdentityDemo.csproj", "{65B18797-DAD8-4C25-9150-A2D8E72EEE3F}"
EndProject
Global
	GlobalSection(SolutionConfigurationPlatforms) = preSolution
		Debug|Any CPU = Debug|Any CPU
		Release|Any CPU = Release|Any CPU
	EndGlobalSection
	GlobalSection(ProjectConfigurationPlatforms) = postSolution
		{65B18797-DAD8-4C25-9150-A2D8E72EEE3F}.Debug|Any CPU.ActiveCfg = Debug|Any CPU
		{65B18797-DAD8-4C25-9150-A2D8E72EEE3F}.Debug|Any CPU.Build.0 = Debug|Any CPU
		{65B18797-DAD8-4C25-9150-A2D8E72EEE3F}.Release|Any CPU.ActiveCfg = Release|Any CPU
		{65B18797-DAD8-4C25-9150-A2D8E72EEE3F}.Release|Any CPU.Build.0 = Release|Any CPU
	EndGlobalSection
	GlobalSection(SolutionProperties) = preSolution
		HideSolutionNode = FALSE
	EndGlobalSection
	GlobalSection(ExtensibilityGlobals) = postSolution
		SolutionGuid = {81FD6C38-4001-4FEA-876F-4A0D0E7E96E7}
	EndGlobalSection
EndGlobal
