
Microsoft Visual Studio Solution File, Format Version 12.00
# Visual Studio Version 16
VisualStudioVersion = 16.0.30225.117
MinimumVisualStudioVersion = 10.0.40219.1
Project("{FAE04EC0-301F-11D3-BF4B-00C04F79EFBC}") = "NuGetDemoLib", "NuGetDemoLib\NuGetDemoLib.csproj", "{875D9690-C990-4A0D-8181-CD2D11B0418B}"
EndProject
Global
	GlobalSection(SolutionConfigurationPlatforms) = preSolution
		Debug|Any CPU = Debug|Any CPU
		Release|Any CPU = Release|Any CPU
	EndGlobalSection
	GlobalSection(ProjectConfigurationPlatforms) = postSolution
		{875D9690-C990-4A0D-8181-CD2D11B0418B}.Debug|Any CPU.ActiveCfg = Debug|Any CPU
		{875D9690-C990-4A0D-8181-CD2D11B0418B}.Debug|Any CPU.Build.0 = Debug|Any CPU
		{875D9690-C990-4A0D-8181-CD2D11B0418B}.Release|Any CPU.ActiveCfg = Release|Any CPU
		{875D9690-C990-4A0D-8181-CD2D11B0418B}.Release|Any CPU.Build.0 = Release|Any CPU
	EndGlobalSection
	GlobalSection(SolutionProperties) = preSolution
		HideSolutionNode = FALSE
	EndGlobalSection
	GlobalSection(ExtensibilityGlobals) = postSolution
		SolutionGuid = {803136D0-7E69-47AF-AD5F-75F82A8ED905}
	EndGlobalSection
EndGlobal
