
Microsoft Visual Studio Solution File, Format Version 12.00
# Visual Studio Version 16
VisualStudioVersion = 16.0.30523.141
MinimumVisualStudioVersion = 10.0.40219.1
Project("{00D1A9C2-B5F0-4AF3-8072-F6C62B433612}") = "TimsDinerDB", "TimsDinerDB\TimsDinerDB.sqlproj", "{A637CCE6-AFC3-4309-9A5C-7FC18531F692}"
EndProject
Project("{FAE04EC0-301F-11D3-BF4B-00C04F79EFBC}") = "DataLibrary", "DataLibrary\DataLibrary.csproj", "{4B9508D4-E2C7-43AA-A8C9-DA6078BDEDDF}"
EndProject
Global
	GlobalSection(SolutionConfigurationPlatforms) = preSolution
		Debug|Any CPU = Debug|Any CPU
		Release|Any CPU = Release|Any CPU
	EndGlobalSection
	GlobalSection(ProjectConfigurationPlatforms) = postSolution
		{A637CCE6-AFC3-4309-9A5C-7FC18531F692}.Debug|Any CPU.ActiveCfg = Debug|Any CPU
		{A637CCE6-AFC3-4309-9A5C-7FC18531F692}.Debug|Any CPU.Build.0 = Debug|Any CPU
		{A637CCE6-AFC3-4309-9A5C-7FC18531F692}.Debug|Any CPU.Deploy.0 = Debug|Any CPU
		{A637CCE6-AFC3-4309-9A5C-7FC18531F692}.Release|Any CPU.ActiveCfg = Release|Any CPU
		{A637CCE6-AFC3-4309-9A5C-7FC18531F692}.Release|Any CPU.Build.0 = Release|Any CPU
		{A637CCE6-AFC3-4309-9A5C-7FC18531F692}.Release|Any CPU.Deploy.0 = Release|Any CPU
		{4B9508D4-E2C7-43AA-A8C9-DA6078BDEDDF}.Debug|Any CPU.ActiveCfg = Debug|Any CPU
		{4B9508D4-E2C7-43AA-A8C9-DA6078BDEDDF}.Debug|Any CPU.Build.0 = Debug|Any CPU
		{4B9508D4-E2C7-43AA-A8C9-DA6078BDEDDF}.Release|Any CPU.ActiveCfg = Release|Any CPU
		{4B9508D4-E2C7-43AA-A8C9-DA6078BDEDDF}.Release|Any CPU.Build.0 = Release|Any CPU
	EndGlobalSection
	GlobalSection(SolutionProperties) = preSolution
		HideSolutionNode = FALSE
	EndGlobalSection
	GlobalSection(ExtensibilityGlobals) = postSolution
		SolutionGuid = {9A0245E7-C647-4DE0-9800-8125605411E5}
	EndGlobalSection
EndGlobal
