
Microsoft Visual Studio Solution File, Format Version 12.00
# Visual Studio Version 16
VisualStudioVersion = 16.0.30523.141
MinimumVisualStudioVersion = 10.0.40219.1
Project("{9A19103F-16F7-4668-BE54-9A1E7A4F7556}") = "manageappsecretsconsoleapp", "manageappsecretsconsoleapp\manageappsecretsconsoleapp.csproj", "{1BCB0965-E5C6-4A42-94FD-E5ADAA3B33EF}"
EndProject
Project("{9A19103F-16F7-4668-BE54-9A1E7A4F7556}") = "manageappsecretswebapi", "manageappsecretswebapi\manageappsecretswebapi.csproj", "{B085B38C-2DA2-4B97-93CC-5BB77B8A17E5}"
EndProject
Global
	GlobalSection(SolutionConfigurationPlatforms) = preSolution
		Debug|Any CPU = Debug|Any CPU
		Release|Any CPU = Release|Any CPU
	EndGlobalSection
	GlobalSection(ProjectConfigurationPlatforms) = postSolution
		{1BCB0965-E5C6-4A42-94FD-E5ADAA3B33EF}.Debug|Any CPU.ActiveCfg = Debug|Any CPU
		{1BCB0965-E5C6-4A42-94FD-E5ADAA3B33EF}.Debug|Any CPU.Build.0 = Debug|Any CPU
		{1BCB0965-E5C6-4A42-94FD-E5ADAA3B33EF}.Release|Any CPU.ActiveCfg = Release|Any CPU
		{1BCB0965-E5C6-4A42-94FD-E5ADAA3B33EF}.Release|Any CPU.Build.0 = Release|Any CPU
		{B085B38C-2DA2-4B97-93CC-5BB77B8A17E5}.Debug|Any CPU.ActiveCfg = Debug|Any CPU
		{B085B38C-2DA2-4B97-93CC-5BB77B8A17E5}.Debug|Any CPU.Build.0 = Debug|Any CPU
		{B085B38C-2DA2-4B97-93CC-5BB77B8A17E5}.Release|Any CPU.ActiveCfg = Release|Any CPU
		{B085B38C-2DA2-4B97-93CC-5BB77B8A17E5}.Release|Any CPU.Build.0 = Release|Any CPU
	EndGlobalSection
	GlobalSection(SolutionProperties) = preSolution
		HideSolutionNode = FALSE
	EndGlobalSection
	GlobalSection(ExtensibilityGlobals) = postSolution
		SolutionGuid = {8CD3BA62-AFBB-4538-98AC-6D4C505B153A}
	EndGlobalSection
EndGlobal
