
Microsoft Visual Studio Solution File, Format Version 12.00
# Visual Studio Version 16
VisualStudioVersion = 16.0.29609.76
MinimumVisualStudioVersion = 10.0.40219.1
Project("{FAE04EC0-301F-11D3-BF4B-00C04F79EFBC}") = "GraphApiUnitTest", "GraphApiUnitTest\GraphApiUnitTest.csproj", "{FDBC750B-4E74-49C8-885A-F1DB71286330}"
EndProject
Global
	GlobalSection(SolutionConfigurationPlatforms) = preSolution
		Debug|Any CPU = Debug|Any CPU
		Release|Any CPU = Release|Any CPU
	EndGlobalSection
	GlobalSection(ProjectConfigurationPlatforms) = postSolution
		{FDBC750B-4E74-49C8-885A-F1DB71286330}.Debug|Any CPU.ActiveCfg = Debug|Any CPU
		{FDBC750B-4E74-49C8-885A-F1DB71286330}.Debug|Any CPU.Build.0 = Debug|Any CPU
		{FDBC750B-4E74-49C8-885A-F1DB71286330}.Release|Any CPU.ActiveCfg = Release|Any CPU
		{FDBC750B-4E74-49C8-885A-F1DB71286330}.Release|Any CPU.Build.0 = Release|Any CPU
	EndGlobalSection
	GlobalSection(SolutionProperties) = preSolution
		HideSolutionNode = FALSE
	EndGlobalSection
	GlobalSection(ExtensibilityGlobals) = postSolution
		SolutionGuid = {E045CB05-45E0-4BDA-BC0B-1D5185309A49}
	EndGlobalSection
EndGlobal
