
Microsoft Visual Studio Solution File, Format Version 12.00
# Visual Studio Version 16
VisualStudioVersion = 16.0.29905.134
MinimumVisualStudioVersion = 10.0.40219.1
Project("{9A19103F-16F7-4668-BE54-9A1E7A4F7556}") = "TPL_Parallel_Basics", "TPL_Parallel_Basics\TPL_Parallel_Basics.csproj", "{CDC8E8BB-4A0A-433A-B4DA-2AD9BFBE2C8C}"
EndProject
Project("{9A19103F-16F7-4668-BE54-9A1E7A4F7556}") = "TPL_Parallel_PLINQ", "TPL_Parallel_PLINQ\TPL_Parallel_PLINQ.csproj", "{FF58DE98-E527-4BF6-8D1F-CB1542B3010D}"
EndProject
Project("{9A19103F-16F7-4668-BE54-9A1E7A4F7556}") = "TPL_Tasks", "TPL_Tasks\TPL_Tasks.csproj", "{8051C7D4-A7DE-4503-94D6-ACA129FEA1B5}"
EndProject
Project("{9A19103F-16F7-4668-BE54-9A1E7A4F7556}") = "TPL_Threads_ThreadPool", "TPL_Threads_ThreadPool\TPL_Threads_ThreadPool.csproj", "{027156E3-F641-4AF4-B9F1-2F5B949359A6}"
EndProject
Project("{FAE04EC0-301F-11D3-BF4B-00C04F79EFBC}") = "TPL_Threads_Lambda_Expressions", "TPL_Threads_Lambda_Expressions\TPL_Threads_Lambda_Expressions.csproj", "{CA86A744-8FCE-427E-B3E7-7AAE935076EB}"
EndProject
Project("{9A19103F-16F7-4668-BE54-9A1E7A4F7556}") = "Threads_Lambda_Exp", "Threads_Lambda_Exp\Threads_Lambda_Exp.csproj", "{64D1C10A-7AE9-4764-8CF6-9448DF107159}"
EndProject
Project("{9A19103F-16F7-4668-BE54-9A1E7A4F7556}") = "Threads_Passing_Data", "Threads_Passing_Data\Threads_Passing_Data.csproj", "{F169B0E4-17D1-4EAB-953E-202D399C5F43}"
EndProject
Project("{9A19103F-16F7-4668-BE54-9A1E7A4F7556}") = "Threads_Abort", "Threads_Abort\Threads_Abort.csproj", "{32A1553A-7711-424E-870E-16A577709091}"
EndProject
Project("{FAE04EC0-301F-11D3-BF4B-00C04F79EFBC}") = "Threads_Sync_Using_Join", "Threads_Sync_Using_Join\Threads_Sync_Using_Join.csproj", "{08F10C05-2991-4BB8-BEF8-7EB19B2477F9}"
EndProject
Project("{FAE04EC0-301F-11D3-BF4B-00C04F79EFBC}") = "Threads_Local", "Threads_Static\Threads_Local.csproj", "{C0B59E64-B4E9-4083-B5AD-D4A597D51873}"
EndProject
Global
	GlobalSection(SolutionConfigurationPlatforms) = preSolution
		Debug|Any CPU = Debug|Any CPU
		Release|Any CPU = Release|Any CPU
	EndGlobalSection
	GlobalSection(ProjectConfigurationPlatforms) = postSolution
		{CDC8E8BB-4A0A-433A-B4DA-2AD9BFBE2C8C}.Debug|Any CPU.ActiveCfg = Debug|Any CPU
		{CDC8E8BB-4A0A-433A-B4DA-2AD9BFBE2C8C}.Debug|Any CPU.Build.0 = Debug|Any CPU
		{CDC8E8BB-4A0A-433A-B4DA-2AD9BFBE2C8C}.Release|Any CPU.ActiveCfg = Release|Any CPU
		{CDC8E8BB-4A0A-433A-B4DA-2AD9BFBE2C8C}.Release|Any CPU.Build.0 = Release|Any CPU
		{FF58DE98-E527-4BF6-8D1F-CB1542B3010D}.Debug|Any CPU.ActiveCfg = Debug|Any CPU
		{FF58DE98-E527-4BF6-8D1F-CB1542B3010D}.Debug|Any CPU.Build.0 = Debug|Any CPU
		{FF58DE98-E527-4BF6-8D1F-CB1542B3010D}.Release|Any CPU.ActiveCfg = Release|Any CPU
		{FF58DE98-E527-4BF6-8D1F-CB1542B3010D}.Release|Any CPU.Build.0 = Release|Any CPU
		{8051C7D4-A7DE-4503-94D6-ACA129FEA1B5}.Debug|Any CPU.ActiveCfg = Debug|Any CPU
		{8051C7D4-A7DE-4503-94D6-ACA129FEA1B5}.Debug|Any CPU.Build.0 = Debug|Any CPU
		{8051C7D4-A7DE-4503-94D6-ACA129FEA1B5}.Release|Any CPU.ActiveCfg = Release|Any CPU
		{8051C7D4-A7DE-4503-94D6-ACA129FEA1B5}.Release|Any CPU.Build.0 = Release|Any CPU
		{027156E3-F641-4AF4-B9F1-2F5B949359A6}.Debug|Any CPU.ActiveCfg = Debug|Any CPU
		{027156E3-F641-4AF4-B9F1-2F5B949359A6}.Debug|Any CPU.Build.0 = Debug|Any CPU
		{027156E3-F641-4AF4-B9F1-2F5B949359A6}.Release|Any CPU.ActiveCfg = Release|Any CPU
		{027156E3-F641-4AF4-B9F1-2F5B949359A6}.Release|Any CPU.Build.0 = Release|Any CPU
		{CA86A744-8FCE-427E-B3E7-7AAE935076EB}.Debug|Any CPU.ActiveCfg = Debug|Any CPU
		{CA86A744-8FCE-427E-B3E7-7AAE935076EB}.Debug|Any CPU.Build.0 = Debug|Any CPU
		{CA86A744-8FCE-427E-B3E7-7AAE935076EB}.Release|Any CPU.ActiveCfg = Release|Any CPU
		{CA86A744-8FCE-427E-B3E7-7AAE935076EB}.Release|Any CPU.Build.0 = Release|Any CPU
		{64D1C10A-7AE9-4764-8CF6-9448DF107159}.Debug|Any CPU.ActiveCfg = Debug|Any CPU
		{64D1C10A-7AE9-4764-8CF6-9448DF107159}.Debug|Any CPU.Build.0 = Debug|Any CPU
		{64D1C10A-7AE9-4764-8CF6-9448DF107159}.Release|Any CPU.ActiveCfg = Release|Any CPU
		{64D1C10A-7AE9-4764-8CF6-9448DF107159}.Release|Any CPU.Build.0 = Release|Any CPU
		{F169B0E4-17D1-4EAB-953E-202D399C5F43}.Debug|Any CPU.ActiveCfg = Debug|Any CPU
		{F169B0E4-17D1-4EAB-953E-202D399C5F43}.Debug|Any CPU.Build.0 = Debug|Any CPU
		{F169B0E4-17D1-4EAB-953E-202D399C5F43}.Release|Any CPU.ActiveCfg = Release|Any CPU
		{F169B0E4-17D1-4EAB-953E-202D399C5F43}.Release|Any CPU.Build.0 = Release|Any CPU
		{32A1553A-7711-424E-870E-16A577709091}.Debug|Any CPU.ActiveCfg = Debug|Any CPU
		{32A1553A-7711-424E-870E-16A577709091}.Debug|Any CPU.Build.0 = Debug|Any CPU
		{32A1553A-7711-424E-870E-16A577709091}.Release|Any CPU.ActiveCfg = Release|Any CPU
		{32A1553A-7711-424E-870E-16A577709091}.Release|Any CPU.Build.0 = Release|Any CPU
		{08F10C05-2991-4BB8-BEF8-7EB19B2477F9}.Debug|Any CPU.ActiveCfg = Debug|Any CPU
		{08F10C05-2991-4BB8-BEF8-7EB19B2477F9}.Debug|Any CPU.Build.0 = Debug|Any CPU
		{08F10C05-2991-4BB8-BEF8-7EB19B2477F9}.Release|Any CPU.ActiveCfg = Release|Any CPU
		{08F10C05-2991-4BB8-BEF8-7EB19B2477F9}.Release|Any CPU.Build.0 = Release|Any CPU
		{C0B59E64-B4E9-4083-B5AD-D4A597D51873}.Debug|Any CPU.ActiveCfg = Debug|Any CPU
		{C0B59E64-B4E9-4083-B5AD-D4A597D51873}.Debug|Any CPU.Build.0 = Debug|Any CPU
		{C0B59E64-B4E9-4083-B5AD-D4A597D51873}.Release|Any CPU.ActiveCfg = Release|Any CPU
		{C0B59E64-B4E9-4083-B5AD-D4A597D51873}.Release|Any CPU.Build.0 = Release|Any CPU
	EndGlobalSection
	GlobalSection(SolutionProperties) = preSolution
		HideSolutionNode = FALSE
	EndGlobalSection
	GlobalSection(ExtensibilityGlobals) = postSolution
		SolutionGuid = {E8213DAE-3356-430A-B88F-20663567A448}
	EndGlobalSection
EndGlobal
