
Microsoft Visual Studio Solution File, Format Version 12.00
# Visual Studio Version 16
VisualStudioVersion = 16.0.29609.76
MinimumVisualStudioVersion = 10.0.40219.1
Project("{9A19103F-16F7-4668-BE54-9A1E7A4F7556}") = "Enums", "Enums\Enums.csproj", "{53594044-E887-4E50-BC7C-8B38CF2BECA4}"
EndProject
Project("{9A19103F-16F7-4668-BE54-9A1E7A4F7556}") = "StructsVsClasses", "StructsVsClasses\StructsVsClasses.csproj", "{8DBE20C2-A78D-4C9D-AB79-365EABC32B62}"
EndProject
Project("{FAE04EC0-301F-11D3-BF4B-00C04F79EFBC}") = "InterfacesAndInheritance", "InterfacesAndInheritance\InterfacesAndInheritance.csproj", "{B79ADA17-282E-472C-85ED-A2EB800B6ED7}"
EndProject
Global
	GlobalSection(SolutionConfigurationPlatforms) = preSolution
		Debug|Any CPU = Debug|Any CPU
		Release|Any CPU = Release|Any CPU
	EndGlobalSection
	GlobalSection(ProjectConfigurationPlatforms) = postSolution
		{53594044-E887-4E50-BC7C-8B38CF2BECA4}.Debug|Any CPU.ActiveCfg = Debug|Any CPU
		{53594044-E887-4E50-BC7C-8B38CF2BECA4}.Debug|Any CPU.Build.0 = Debug|Any CPU
		{53594044-E887-4E50-BC7C-8B38CF2BECA4}.Release|Any CPU.ActiveCfg = Release|Any CPU
		{53594044-E887-4E50-BC7C-8B38CF2BECA4}.Release|Any CPU.Build.0 = Release|Any CPU
		{8DBE20C2-A78D-4C9D-AB79-365EABC32B62}.Debug|Any CPU.ActiveCfg = Debug|Any CPU
		{8DBE20C2-A78D-4C9D-AB79-365EABC32B62}.Debug|Any CPU.Build.0 = Debug|Any CPU
		{8DBE20C2-A78D-4C9D-AB79-365EABC32B62}.Release|Any CPU.ActiveCfg = Release|Any CPU
		{8DBE20C2-A78D-4C9D-AB79-365EABC32B62}.Release|Any CPU.Build.0 = Release|Any CPU
		{B79ADA17-282E-472C-85ED-A2EB800B6ED7}.Debug|Any CPU.ActiveCfg = Debug|Any CPU
		{B79ADA17-282E-472C-85ED-A2EB800B6ED7}.Debug|Any CPU.Build.0 = Debug|Any CPU
		{B79ADA17-282E-472C-85ED-A2EB800B6ED7}.Release|Any CPU.ActiveCfg = Release|Any CPU
		{B79ADA17-282E-472C-85ED-A2EB800B6ED7}.Release|Any CPU.Build.0 = Release|Any CPU
	EndGlobalSection
	GlobalSection(SolutionProperties) = preSolution
		HideSolutionNode = FALSE
	EndGlobalSection
	GlobalSection(ExtensibilityGlobals) = postSolution
		SolutionGuid = {73774D11-2F37-401F-A31E-609DF4F878A4}
	EndGlobalSection
EndGlobal
